
Microsoft Visual Studio Solution File, Format Version 12.00
# Visual Studio Version 17
VisualStudioVersion = 17.4.33122.133
MinimumVisualStudioVersion = 10.0.40219.1
Project("{FAE04EC0-301F-11D3-BF4B-00C04F79EFBC}") = "SDA.DMS.Beugro", "SDA.DMS.Beugro\SDA.DMS.Beugro.csproj", "{453B14DC-2FCC-463A-85D1-76049DF26010}"
EndProject
Global
	GlobalSection(SolutionConfigurationPlatforms) = preSolution
		Debug|Any CPU = Debug|Any CPU
		Release|Any CPU = Release|Any CPU
	EndGlobalSection
	GlobalSection(ProjectConfigurationPlatforms) = postSolution
		{453B14DC-2FCC-463A-85D1-76049DF26010}.Debug|Any CPU.ActiveCfg = Debug|Any CPU
		{453B14DC-2FCC-463A-85D1-76049DF26010}.Debug|Any CPU.Build.0 = Debug|Any CPU
		{453B14DC-2FCC-463A-85D1-76049DF26010}.Release|Any CPU.ActiveCfg = Release|Any CPU
		{453B14DC-2FCC-463A-85D1-76049DF26010}.Release|Any CPU.Build.0 = Release|Any CPU
	EndGlobalSection
	GlobalSection(SolutionProperties) = preSolution
		HideSolutionNode = FALSE
	EndGlobalSection
	GlobalSection(ExtensibilityGlobals) = postSolution
		SolutionGuid = {93BE57C6-1F9D-4524-93D7-3A70EEA8B4B9}
	EndGlobalSection
EndGlobal
